// !$*UTF8*$!
{
	archiveVersion = 1;
	classes = {
	};
	objectVersion = 48;
	objects = {

/* Begin PBXBuildFile section */
		432FC28E2088B69F009B0192 /* PhotoCollectionViewCell.swift in Sources */ = {isa = PBXBuildFile; fileRef = 432FC28D2088B69F009B0192 /* PhotoCollectionViewCell.swift */; };
		43494A742085EB8000F617E7 /* FlickrClient.swift in Sources */ = {isa = PBXBuildFile; fileRef = 43494A732085EB8000F617E7 /* FlickrClient.swift */; };
		43494A762085F17600F617E7 /* FlickrConvenience.swift in Sources */ = {isa = PBXBuildFile; fileRef = 43494A752085F17600F617E7 /* FlickrConvenience.swift */; };
		436631042080F0F5008B8AB3 /* AppDelegate.swift in Sources */ = {isa = PBXBuildFile; fileRef = 436631032080F0F5008B8AB3 /* AppDelegate.swift */; };
		436631092080F0F5008B8AB3 /* Main.storyboard in Resources */ = {isa = PBXBuildFile; fileRef = 436631072080F0F5008B8AB3 /* Main.storyboard */; };
		4366310B2080F0F5008B8AB3 /* Assets.xcassets in Resources */ = {isa = PBXBuildFile; fileRef = 4366310A2080F0F5008B8AB3 /* Assets.xcassets */; };
		4366310E2080F0F5008B8AB3 /* LaunchScreen.storyboard in Resources */ = {isa = PBXBuildFile; fileRef = 4366310C2080F0F5008B8AB3 /* LaunchScreen.storyboard */; };
		436631192080F0F5008B8AB3 /* Virtual_TouristTests.swift in Sources */ = {isa = PBXBuildFile; fileRef = 436631182080F0F5008B8AB3 /* Virtual_TouristTests.swift */; };
		436631242080F0F5008B8AB3 /* Virtual_TouristUITests.swift in Sources */ = {isa = PBXBuildFile; fileRef = 436631232080F0F5008B8AB3 /* Virtual_TouristUITests.swift */; };
		436631352080F17D008B8AB3 /* TravelLocationsMapViewController.swift in Sources */ = {isa = PBXBuildFile; fileRef = 436631342080F17D008B8AB3 /* TravelLocationsMapViewController.swift */; };
		436631372080F19D008B8AB3 /* PhotoAlbumViewController.swift in Sources */ = {isa = PBXBuildFile; fileRef = 436631362080F19D008B8AB3 /* PhotoAlbumViewController.swift */; };
		4366313B2080FE09008B8AB3 /* FlickrConstants.swift in Sources */ = {isa = PBXBuildFile; fileRef = 4366313A2080FE09008B8AB3 /* FlickrConstants.swift */; };
		43ADA32C2085039400A5AEDB /* Virtual Tourist.xcdatamodeld in Sources */ = {isa = PBXBuildFile; fileRef = 43ADA32A2085039400A5AEDB /* Virtual Tourist.xcdatamodeld */; };
		43ADA33020850DAD00A5AEDB /* DataController.swift in Sources */ = {isa = PBXBuildFile; fileRef = 43ADA32F20850DAD00A5AEDB /* DataController.swift */; };
/* End PBXBuildFile section */

/* Begin PBXContainerItemProxy section */
		436631152080F0F5008B8AB3 /* PBXContainerItemProxy */ = {
			isa = PBXContainerItemProxy;
			containerPortal = 436630F82080F0F5008B8AB3 /* Project object */;
			proxyType = 1;
			remoteGlobalIDString = 436630FF2080F0F5008B8AB3;
			remoteInfo = "Virtual Tourist";
		};
		436631202080F0F5008B8AB3 /* PBXContainerItemProxy */ = {
			isa = PBXContainerItemProxy;
			containerPortal = 436630F82080F0F5008B8AB3 /* Project object */;
			proxyType = 1;
			remoteGlobalIDString = 436630FF2080F0F5008B8AB3;
			remoteInfo = "Virtual Tourist";
		};
/* End PBXContainerItemProxy section */

/* Begin PBXFileReference section */
		432FC28D2088B69F009B0192 /* PhotoCollectionViewCell.swift */ = {isa = PBXFileReference; lastKnownFileType = sourcecode.swift; path = PhotoCollectionViewCell.swift; sourceTree = "<group>"; };
		43494A732085EB8000F617E7 /* FlickrClient.swift */ = {isa = PBXFileReference; lastKnownFileType = sourcecode.swift; path = FlickrClient.swift; sourceTree = "<group>"; };
		43494A752085F17600F617E7 /* FlickrConvenience.swift */ = {isa = PBXFileReference; lastKnownFileType = sourcecode.swift; path = FlickrConvenience.swift; sourceTree = "<group>"; };
		436631002080F0F5008B8AB3 /* Virtual Tourist.app */ = {isa = PBXFileReference; explicitFileType = wrapper.application; includeInIndex = 0; path = "Virtual Tourist.app"; sourceTree = BUILT_PRODUCTS_DIR; };
		436631032080F0F5008B8AB3 /* AppDelegate.swift */ = {isa = PBXFileReference; lastKnownFileType = sourcecode.swift; path = AppDelegate.swift; sourceTree = "<group>"; };
		436631082080F0F5008B8AB3 /* Base */ = {isa = PBXFileReference; lastKnownFileType = file.storyboard; name = Base; path = Base.lproj/Main.storyboard; sourceTree = "<group>"; };
		4366310A2080F0F5008B8AB3 /* Assets.xcassets */ = {isa = PBXFileReference; lastKnownFileType = folder.assetcatalog; path = Assets.xcassets; sourceTree = "<group>"; };
		4366310D2080F0F5008B8AB3 /* Base */ = {isa = PBXFileReference; lastKnownFileType = file.storyboard; name = Base; path = Base.lproj/LaunchScreen.storyboard; sourceTree = "<group>"; };
		4366310F2080F0F5008B8AB3 /* Info.plist */ = {isa = PBXFileReference; lastKnownFileType = text.plist.xml; path = Info.plist; sourceTree = "<group>"; };
		436631142080F0F5008B8AB3 /* Virtual TouristTests.xctest */ = {isa = PBXFileReference; explicitFileType = wrapper.cfbundle; includeInIndex = 0; path = "Virtual TouristTests.xctest"; sourceTree = BUILT_PRODUCTS_DIR; };
		436631182080F0F5008B8AB3 /* Virtual_TouristTests.swift */ = {isa = PBXFileReference; lastKnownFileType = sourcecode.swift; path = Virtual_TouristTests.swift; sourceTree = "<group>"; };
		4366311A2080F0F5008B8AB3 /* Info.plist */ = {isa = PBXFileReference; lastKnownFileType = text.plist.xml; path = Info.plist; sourceTree = "<group>"; };
		4366311F2080F0F5008B8AB3 /* Virtual TouristUITests.xctest */ = {isa = PBXFileReference; explicitFileType = wrapper.cfbundle; includeInIndex = 0; path = "Virtual TouristUITests.xctest"; sourceTree = BUILT_PRODUCTS_DIR; };
		436631232080F0F5008B8AB3 /* Virtual_TouristUITests.swift */ = {isa = PBXFileReference; lastKnownFileType = sourcecode.swift; path = Virtual_TouristUITests.swift; sourceTree = "<group>"; };
		436631252080F0F5008B8AB3 /* Info.plist */ = {isa = PBXFileReference; lastKnownFileType = text.plist.xml; path = Info.plist; sourceTree = "<group>"; };
		436631342080F17D008B8AB3 /* TravelLocationsMapViewController.swift */ = {isa = PBXFileReference; lastKnownFileType = sourcecode.swift; path = TravelLocationsMapViewController.swift; sourceTree = "<group>"; };
		436631362080F19D008B8AB3 /* PhotoAlbumViewController.swift */ = {isa = PBXFileReference; lastKnownFileType = sourcecode.swift; path = PhotoAlbumViewController.swift; sourceTree = "<group>"; };
		4366313A2080FE09008B8AB3 /* FlickrConstants.swift */ = {isa = PBXFileReference; lastKnownFileType = sourcecode.swift; path = FlickrConstants.swift; sourceTree = "<group>"; };
		43ADA32B2085039400A5AEDB /* Virtual Tourist.xcdatamodel */ = {isa = PBXFileReference; lastKnownFileType = wrapper.xcdatamodel; path = "Virtual Tourist.xcdatamodel"; sourceTree = "<group>"; };
		43ADA32F20850DAD00A5AEDB /* DataController.swift */ = {isa = PBXFileReference; lastKnownFileType = sourcecode.swift; path = DataController.swift; sourceTree = "<group>"; };
/* End PBXFileReference section */

/* Begin PBXFrameworksBuildPhase section */
		436630FD2080F0F5008B8AB3 /* Frameworks */ = {
			isa = PBXFrameworksBuildPhase;
			buildActionMask = 2147483647;
			files = (
			);
			runOnlyForDeploymentPostprocessing = 0;
		};
		436631112080F0F5008B8AB3 /* Frameworks */ = {
			isa = PBXFrameworksBuildPhase;
			buildActionMask = 2147483647;
			files = (
			);
			runOnlyForDeploymentPostprocessing = 0;
		};
		4366311C2080F0F5008B8AB3 /* Frameworks */ = {
			isa = PBXFrameworksBuildPhase;
			buildActionMask = 2147483647;
			files = (
			);
			runOnlyForDeploymentPostprocessing = 0;
		};
/* End PBXFrameworksBuildPhase section */

/* Begin PBXGroup section */
		436630F72080F0F5008B8AB3 = {
			isa = PBXGroup;
			children = (
				436631022080F0F5008B8AB3 /* Virtual Tourist */,
				436631172080F0F5008B8AB3 /* Virtual TouristTests */,
				436631222080F0F5008B8AB3 /* Virtual TouristUITests */,
				436631012080F0F5008B8AB3 /* Products */,
			);
			sourceTree = "<group>";
		};
		436631012080F0F5008B8AB3 /* Products */ = {
			isa = PBXGroup;
			children = (
				436631002080F0F5008B8AB3 /* Virtual Tourist.app */,
				436631142080F0F5008B8AB3 /* Virtual TouristTests.xctest */,
				4366311F2080F0F5008B8AB3 /* Virtual TouristUITests.xctest */,
			);
			name = Products;
			sourceTree = "<group>";
		};
		436631022080F0F5008B8AB3 /* Virtual Tourist */ = {
			isa = PBXGroup;
			children = (
				436631032080F0F5008B8AB3 /* AppDelegate.swift */,
				436631312080F11A008B8AB3 /* Model */,
				43ADA32A2085039400A5AEDB /* Virtual Tourist.xcdatamodeld */,
				43ADA32F20850DAD00A5AEDB /* DataController.swift */,
				436631322080F129008B8AB3 /* View */,
				436631332080F131008B8AB3 /* Controller */,
				436631072080F0F5008B8AB3 /* Main.storyboard */,
				4366310A2080F0F5008B8AB3 /* Assets.xcassets */,
				4366310C2080F0F5008B8AB3 /* LaunchScreen.storyboard */,
				4366310F2080F0F5008B8AB3 /* Info.plist */,
			);
			path = "Virtual Tourist";
			sourceTree = "<group>";
		};
		436631172080F0F5008B8AB3 /* Virtual TouristTests */ = {
			isa = PBXGroup;
			children = (
				436631182080F0F5008B8AB3 /* Virtual_TouristTests.swift */,
				4366311A2080F0F5008B8AB3 /* Info.plist */,
			);
			path = "Virtual TouristTests";
			sourceTree = "<group>";
		};
		436631222080F0F5008B8AB3 /* Virtual TouristUITests */ = {
			isa = PBXGroup;
			children = (
				436631232080F0F5008B8AB3 /* Virtual_TouristUITests.swift */,
				436631252080F0F5008B8AB3 /* Info.plist */,
			);
			path = "Virtual TouristUITests";
			sourceTree = "<group>";
		};
		436631312080F11A008B8AB3 /* Model */ = {
			isa = PBXGroup;
			children = (
				436631382080F9C7008B8AB3 /* Clients */,
			);
			path = Model;
			sourceTree = "<group>";
		};
		436631322080F129008B8AB3 /* View */ = {
			isa = PBXGroup;
			children = (
				432FC28D2088B69F009B0192 /* PhotoCollectionViewCell.swift */,
			);
			path = View;
			sourceTree = "<group>";
		};
		436631332080F131008B8AB3 /* Controller */ = {
			isa = PBXGroup;
			children = (
				436631342080F17D008B8AB3 /* TravelLocationsMapViewController.swift */,
				436631362080F19D008B8AB3 /* PhotoAlbumViewController.swift */,
			);
			path = Controller;
			sourceTree = "<group>";
		};
		436631382080F9C7008B8AB3 /* Clients */ = {
			isa = PBXGroup;
			children = (
				436631392080F9E0008B8AB3 /* Flickr */,
			);
			path = Clients;
			sourceTree = "<group>";
		};
		436631392080F9E0008B8AB3 /* Flickr */ = {
			isa = PBXGroup;
			children = (
				4366313A2080FE09008B8AB3 /* FlickrConstants.swift */,
				43494A732085EB8000F617E7 /* FlickrClient.swift */,
				43494A752085F17600F617E7 /* FlickrConvenience.swift */,
			);
			path = Flickr;
			sourceTree = "<group>";
		};
/* End PBXGroup section */

/* Begin PBXNativeTarget section */
		436630FF2080F0F5008B8AB3 /* Virtual Tourist */ = {
			isa = PBXNativeTarget;
			buildConfigurationList = 436631282080F0F5008B8AB3 /* Build configuration list for PBXNativeTarget "Virtual Tourist" */;
			buildPhases = (
				436630FC2080F0F5008B8AB3 /* Sources */,
				436630FD2080F0F5008B8AB3 /* Frameworks */,
				436630FE2080F0F5008B8AB3 /* Resources */,
			);
			buildRules = (
			);
			dependencies = (
			);
			name = "Virtual Tourist";
			productName = "Virtual Tourist";
			productReference = 436631002080F0F5008B8AB3 /* Virtual Tourist.app */;
			productType = "com.apple.product-type.application";
		};
		436631132080F0F5008B8AB3 /* Virtual TouristTests */ = {
			isa = PBXNativeTarget;
			buildConfigurationList = 4366312B2080F0F5008B8AB3 /* Build configuration list for PBXNativeTarget "Virtual TouristTests" */;
			buildPhases = (
				436631102080F0F5008B8AB3 /* Sources */,
				436631112080F0F5008B8AB3 /* Frameworks */,
				436631122080F0F5008B8AB3 /* Resources */,
			);
			buildRules = (
			);
			dependencies = (
				436631162080F0F5008B8AB3 /* PBXTargetDependency */,
			);
			name = "Virtual TouristTests";
			productName = "Virtual TouristTests";
			productReference = 436631142080F0F5008B8AB3 /* Virtual TouristTests.xctest */;
			productType = "com.apple.product-type.bundle.unit-test";
		};
		4366311E2080F0F5008B8AB3 /* Virtual TouristUITests */ = {
			isa = PBXNativeTarget;
			buildConfigurationList = 4366312E2080F0F5008B8AB3 /* Build configuration list for PBXNativeTarget "Virtual TouristUITests" */;
			buildPhases = (
				4366311B2080F0F5008B8AB3 /* Sources */,
				4366311C2080F0F5008B8AB3 /* Frameworks */,
				4366311D2080F0F5008B8AB3 /* Resources */,
			);
			buildRules = (
			);
			dependencies = (
				436631212080F0F5008B8AB3 /* PBXTargetDependency */,
			);
			name = "Virtual TouristUITests";
			productName = "Virtual TouristUITests";
			productReference = 4366311F2080F0F5008B8AB3 /* Virtual TouristUITests.xctest */;
			productType = "com.apple.product-type.bundle.ui-testing";
		};
/* End PBXNativeTarget section */

/* Begin PBXProject section */
		436630F82080F0F5008B8AB3 /* Project object */ = {
			isa = PBXProject;
			attributes = {
				LastSwiftUpdateCheck = 0920;
				LastUpgradeCheck = 0920;
				ORGANIZATIONNAME = "Pete Chambers";
				TargetAttributes = {
					436630FF2080F0F5008B8AB3 = {
						CreatedOnToolsVersion = 9.2;
						ProvisioningStyle = Automatic;
					};
					436631132080F0F5008B8AB3 = {
						CreatedOnToolsVersion = 9.2;
						ProvisioningStyle = Automatic;
						TestTargetID = 436630FF2080F0F5008B8AB3;
					};
					4366311E2080F0F5008B8AB3 = {
						CreatedOnToolsVersion = 9.2;
						ProvisioningStyle = Automatic;
						TestTargetID = 436630FF2080F0F5008B8AB3;
					};
				};
			};
			buildConfigurationList = 436630FB2080F0F5008B8AB3 /* Build configuration list for PBXProject "Virtual Tourist" */;
			compatibilityVersion = "Xcode 8.0";
			developmentRegion = en;
			hasScannedForEncodings = 0;
			knownRegions = (
				en,
				Base,
			);
			mainGroup = 436630F72080F0F5008B8AB3;
			productRefGroup = 436631012080F0F5008B8AB3 /* Products */;
			projectDirPath = "";
			projectRoot = "";
			targets = (
				436630FF2080F0F5008B8AB3 /* Virtual Tourist */,
				436631132080F0F5008B8AB3 /* Virtual TouristTests */,
				4366311E2080F0F5008B8AB3 /* Virtual TouristUITests */,
			);
		};
/* End PBXProject section */

/* Begin PBXResourcesBuildPhase section */
		436630FE2080F0F5008B8AB3 /* Resources */ = {
			isa = PBXResourcesBuildPhase;
			buildActionMask = 2147483647;
			files = (
				4366310E2080F0F5008B8AB3 /* LaunchScreen.storyboard in Resources */,
				4366310B2080F0F5008B8AB3 /* Assets.xcassets in Resources */,
				436631092080F0F5008B8AB3 /* Main.storyboard in Resources */,
			);
			runOnlyForDeploymentPostprocessing = 0;
		};
		436631122080F0F5008B8AB3 /* Resources */ = {
			isa = PBXResourcesBuildPhase;
			buildActionMask = 2147483647;
			files = (
			);
			runOnlyForDeploymentPostprocessing = 0;
		};
		4366311D2080F0F5008B8AB3 /* Resources */ = {
			isa = PBXResourcesBuildPhase;
			buildActionMask = 2147483647;
			files = (
			);
			runOnlyForDeploymentPostprocessing = 0;
		};
/* End PBXResourcesBuildPhase section */

/* Begin PBXSourcesBuildPhase section */
		436630FC2080F0F5008B8AB3 /* Sources */ = {
			isa = PBXSourcesBuildPhase;
			buildActionMask = 2147483647;
			files = (
				43ADA33020850DAD00A5AEDB /* DataController.swift in Sources */,
				4366313B2080FE09008B8AB3 /* FlickrConstants.swift in Sources */,
				43494A762085F17600F617E7 /* FlickrConvenience.swift in Sources */,
				43494A742085EB8000F617E7 /* FlickrClient.swift in Sources */,
				436631352080F17D008B8AB3 /* TravelLocationsMapViewController.swift in Sources */,
				432FC28E2088B69F009B0192 /* PhotoCollectionViewCell.swift in Sources */,
				436631042080F0F5008B8AB3 /* AppDelegate.swift in Sources */,
				43ADA32C2085039400A5AEDB /* Virtual Tourist.xcdatamodeld in Sources */,
				436631372080F19D008B8AB3 /* PhotoAlbumViewController.swift in Sources */,
			);
			runOnlyForDeploymentPostprocessing = 0;
		};
		436631102080F0F5008B8AB3 /* Sources */ = {
			isa = PBXSourcesBuildPhase;
			buildActionMask = 2147483647;
			files = (
				436631192080F0F5008B8AB3 /* Virtual_TouristTests.swift in Sources */,
			);
			runOnlyForDeploymentPostprocessing = 0;
		};
		4366311B2080F0F5008B8AB3 /* Sources */ = {
			isa = PBXSourcesBuildPhase;
			buildActionMask = 2147483647;
			files = (
				436631242080F0F5008B8AB3 /* Virtual_TouristUITests.swift in Sources */,
			);
			runOnlyForDeploymentPostprocessing = 0;
		};
/* End PBXSourcesBuildPhase section */

/* Begin PBXTargetDependency section */
		436631162080F0F5008B8AB3 /* PBXTargetDependency */ = {
			isa = PBXTargetDependency;
			target = 436630FF2080F0F5008B8AB3 /* Virtual Tourist */;
			targetProxy = 436631152080F0F5008B8AB3 /* PBXContainerItemProxy */;
		};
		436631212080F0F5008B8AB3 /* PBXTargetDependency */ = {
			isa = PBXTargetDependency;
			target = 436630FF2080F0F5008B8AB3 /* Virtual Tourist */;
			targetProxy = 436631202080F0F5008B8AB3 /* PBXContainerItemProxy */;
		};
/* End PBXTargetDependency section */

/* Begin PBXVariantGroup section */
		436631072080F0F5008B8AB3 /* Main.storyboard */ = {
			isa = PBXVariantGroup;
			children = (
				436631082080F0F5008B8AB3 /* Base */,
			);
			name = Main.storyboard;
			sourceTree = "<group>";
		};
		4366310C2080F0F5008B8AB3 /* LaunchScreen.storyboard */ = {
			isa = PBXVariantGroup;
			children = (
				4366310D2080F0F5008B8AB3 /* Base */,
			);
			name = LaunchScreen.storyboard;
			sourceTree = "<group>";
		};
/* End PBXVariantGroup section */

/* Begin XCBuildConfiguration section */
		436631262080F0F5008B8AB3 /* Debug */ = {
			isa = XCBuildConfiguration;
			buildSettings = {
				ALWAYS_SEARCH_USER_PATHS = NO;
				CLANG_ANALYZER_NONNULL = YES;
				CLANG_ANALYZER_NUMBER_OBJECT_CONVERSION = YES_AGGRESSIVE;
				CLANG_CXX_LANGUAGE_STANDARD = "gnu++14";
				CLANG_CXX_LIBRARY = "libc++";
				CLANG_ENABLE_MODULES = YES;
				CLANG_ENABLE_OBJC_ARC = YES;
				CLANG_WARN_BLOCK_CAPTURE_AUTORELEASING = YES;
				CLANG_WARN_BOOL_CONVERSION = YES;
				CLANG_WARN_COMMA = YES;
				CLANG_WARN_CONSTANT_CONVERSION = YES;
				CLANG_WARN_DIRECT_OBJC_ISA_USAGE = YES_ERROR;
				CLANG_WARN_DOCUMENTATION_COMMENTS = YES;
				CLANG_WARN_EMPTY_BODY = YES;
				CLANG_WARN_ENUM_CONVERSION = YES;
				CLANG_WARN_INFINITE_RECURSION = YES;
				CLANG_WARN_INT_CONVERSION = YES;
				CLANG_WARN_NON_LITERAL_NULL_CONVERSION = YES;
				CLANG_WARN_OBJC_LITERAL_CONVERSION = YES;
				CLANG_WARN_OBJC_ROOT_CLASS = YES_ERROR;
				CLANG_WARN_RANGE_LOOP_ANALYSIS = YES;
				CLANG_WARN_STRICT_PROTOTYPES = YES;
				CLANG_WARN_SUSPICIOUS_MOVE = YES;
				CLANG_WARN_UNGUARDED_AVAILABILITY = YES_AGGRESSIVE;
				CLANG_WARN_UNREACHABLE_CODE = YES;
				CLANG_WARN__DUPLICATE_METHOD_MATCH = YES;
				CODE_SIGN_IDENTITY = "iPhone Developer";
				COPY_PHASE_STRIP = NO;
				DEBUG_INFORMATION_FORMAT = dwarf;
				ENABLE_STRICT_OBJC_MSGSEND = YES;
				ENABLE_TESTABILITY = YES;
				GCC_C_LANGUAGE_STANDARD = gnu11;
				GCC_DYNAMIC_NO_PIC = NO;
				GCC_NO_COMMON_BLOCKS = YES;
				GCC_OPTIMIZATION_LEVEL = 0;
				GCC_PREPROCESSOR_DEFINITIONS = (
					"DEBUG=1",
					"$(inherited)",
				);
				GCC_WARN_64_TO_32_BIT_CONVERSION = YES;
				GCC_WARN_ABOUT_RETURN_TYPE = YES_ERROR;
				GCC_WARN_UNDECLARED_SELECTOR = YES;
				GCC_WARN_UNINITIALIZED_AUTOS = YES_AGGRESSIVE;
				GCC_WARN_UNUSED_FUNCTION = YES;
				GCC_WARN_UNUSED_VARIABLE = YES;
				IPHONEOS_DEPLOYMENT_TARGET = 11.2;
				MTL_ENABLE_DEBUG_INFO = YES;
				ONLY_ACTIVE_ARCH = YES;
				SDKROOT = iphoneos;
				SWIFT_ACTIVE_COMPILATION_CONDITIONS = DEBUG;
				SWIFT_OPTIMIZATION_LEVEL = "-Onone";
			};
			name = Debug;
		};
		436631272080F0F5008B8AB3 /* Release */ = {
			isa = XCBuildConfiguration;
			buildSettings = {
				ALWAYS_SEARCH_USER_PATHS = NO;
				CLANG_ANALYZER_NONNULL = YES;
				CLANG_ANALYZER_NUMBER_OBJECT_CONVERSION = YES_AGGRESSIVE;
				CLANG_CXX_LANGUAGE_STANDARD = "gnu++14";
				CLANG_CXX_LIBRARY = "libc++";
				CLANG_ENABLE_MODULES = YES;
				CLANG_ENABLE_OBJC_ARC = YES;
				CLANG_WARN_BLOCK_CAPTURE_AUTORELEASING = YES;
				CLANG_WARN_BOOL_CONVERSION = YES;
				CLANG_WARN_COMMA = YES;
				CLANG_WARN_CONSTANT_CONVERSION = YES;
				CLANG_WARN_DIRECT_OBJC_ISA_USAGE = YES_ERROR;
				CLANG_WARN_DOCUMENTATION_COMMENTS = YES;
				CLANG_WARN_EMPTY_BODY = YES;
				CLANG_WARN_ENUM_CONVERSION = YES;
				CLANG_WARN_INFINITE_RECURSION = YES;
				CLANG_WARN_INT_CONVERSION = YES;
				CLANG_WARN_NON_LITERAL_NULL_CONVERSION = YES;
				CLANG_WARN_OBJC_LITERAL_CONVERSION = YES;
				CLANG_WARN_OBJC_ROOT_CLASS = YES_ERROR;
				CLANG_WARN_RANGE_LOOP_ANALYSIS = YES;
				CLANG_WARN_STRICT_PROTOTYPES = YES;
				CLANG_WARN_SUSPICIOUS_MOVE = YES;
				CLANG_WARN_UNGUARDED_AVAILABILITY = YES_AGGRESSIVE;
				CLANG_WARN_UNREACHABLE_CODE = YES;
				CLANG_WARN__DUPLICATE_METHOD_MATCH = YES;
				CODE_SIGN_IDENTITY = "iPhone Developer";
				COPY_PHASE_STRIP = NO;
				DEBUG_INFORMATION_FORMAT = "dwarf-with-dsym";
				ENABLE_NS_ASSERTIONS = NO;
				ENABLE_STRICT_OBJC_MSGSEND = YES;
				GCC_C_LANGUAGE_STANDARD = gnu11;
				GCC_NO_COMMON_BLOCKS = YES;
				GCC_WARN_64_TO_32_BIT_CONVERSION = YES;
				GCC_WARN_ABOUT_RETURN_TYPE = YES_ERROR;
				GCC_WARN_UNDECLARED_SELECTOR = YES;
				GCC_WARN_UNINITIALIZED_AUTOS = YES_AGGRESSIVE;
				GCC_WARN_UNUSED_FUNCTION = YES;
				GCC_WARN_UNUSED_VARIABLE = YES;
				IPHONEOS_DEPLOYMENT_TARGET = 11.2;
				MTL_ENABLE_DEBUG_INFO = NO;
				SDKROOT = iphoneos;
				SWIFT_OPTIMIZATION_LEVEL = "-Owholemodule";
				VALIDATE_PRODUCT = YES;
			};
			name = Release;
		};
		436631292080F0F5008B8AB3 /* Debug */ = {
			isa = XCBuildConfiguration;
			buildSettings = {
				ASSETCATALOG_COMPILER_APPICON_NAME = AppIcon;
				CODE_SIGN_STYLE = Automatic;
				INFOPLIST_FILE = "Virtual Tourist/Info.plist";
				LD_RUNPATH_SEARCH_PATHS = "$(inherited) @executable_path/Frameworks";
				PRODUCT_BUNDLE_IDENTIFIER = "Pete-Chambers.Virtual-Tourist";
				PRODUCT_NAME = "$(TARGET_NAME)";
				SWIFT_VERSION = 4.0;
				TARGETED_DEVICE_FAMILY = "1,2";
			};
			name = Debug;
		};
		4366312A2080F0F5008B8AB3 /* Release */ = {
			isa = XCBuildConfiguration;
			buildSettings = {
				ASSETCATALOG_COMPILER_APPICON_NAME = AppIcon;
				CODE_SIGN_STYLE = Automatic;
				INFOPLIST_FILE = "Virtual Tourist/Info.plist";
				LD_RUNPATH_SEARCH_PATHS = "$(inherited) @executable_path/Frameworks";
				PRODUCT_BUNDLE_IDENTIFIER = "Pete-Chambers.Virtual-Tourist";
				PRODUCT_NAME = "$(TARGET_NAME)";
				SWIFT_VERSION = 4.0;
				TARGETED_DEVICE_FAMILY = "1,2";
			};
			name = Release;
		};
		4366312C2080F0F5008B8AB3 /* Debug */ = {
			isa = XCBuildConfiguration;
			buildSettings = {
				ALWAYS_EMBED_SWIFT_STANDARD_LIBRARIES = YES;
				BUNDLE_LOADER = "$(TEST_HOST)";
				CODE_SIGN_STYLE = Automatic;
				INFOPLIST_FILE = "Virtual TouristTests/Info.plist";
				LD_RUNPATH_SEARCH_PATHS = "$(inherited) @executable_path/Frameworks @loader_path/Frameworks";
				PRODUCT_BUNDLE_IDENTIFIER = "Pete-Chambers.Virtual-TouristTests";
				PRODUCT_NAME = "$(TARGET_NAME)";
				SWIFT_VERSION = 4.0;
				TARGETED_DEVICE_FAMILY = "1,2";
				TEST_HOST = "$(BUILT_PRODUCTS_DIR)/Virtual Tourist.app/Virtual Tourist";
			};
			name = Debug;
		};
		4366312D2080F0F5008B8AB3 /* Release */ = {
			isa = XCBuildConfiguration;
			buildSettings = {
				ALWAYS_EMBED_SWIFT_STANDARD_LIBRARIES = YES;
				BUNDLE_LOADER = "$(TEST_HOST)";
				CODE_SIGN_STYLE = Automatic;
				INFOPLIST_FILE = "Virtual TouristTests/Info.plist";
				LD_RUNPATH_SEARCH_PATHS = "$(inherited) @executable_path/Frameworks @loader_path/Frameworks";
				PRODUCT_BUNDLE_IDENTIFIER = "Pete-Chambers.Virtual-TouristTests";
				PRODUCT_NAME = "$(TARGET_NAME)";
				SWIFT_VERSION = 4.0;
				TARGETED_DEVICE_FAMILY = "1,2";
				TEST_HOST = "$(BUILT_PRODUCTS_DIR)/Virtual Tourist.app/Virtual Tourist";
			};
			name = Release;
		};
		4366312F2080F0F5008B8AB3 /* Debug */ = {
			isa = XCBuildConfiguration;
			buildSettings = {
				ALWAYS_EMBED_SWIFT_STANDARD_LIBRARIES = YES;
				CODE_SIGN_STYLE = Automatic;
				INFOPLIST_FILE = "Virtual TouristUITests/Info.plist";
				LD_RUNPATH_SEARCH_PATHS = "$(inherited) @executable_path/Frameworks @loader_path/Frameworks";
				PRODUCT_BUNDLE_IDENTIFIER = "Pete-Chambers.Virtual-TouristUITests";
				PRODUCT_NAME = "$(TARGET_NAME)";
				SWIFT_VERSION = 4.0;
				TARGETED_DEVICE_FAMILY = "1,2";
				TEST_TARGET_NAME = "Virtual Tourist";
			};
			name = Debug;
		};
		436631302080F0F5008B8AB3 /* Release */ = {
			isa = XCBuildConfiguration;
			buildSettings = {
				ALWAYS_EMBED_SWIFT_STANDARD_LIBRARIES = YES;
				CODE_SIGN_STYLE = Automatic;
				INFOPLIST_FILE = "Virtual TouristUITests/Info.plist";
				LD_RUNPATH_SEARCH_PATHS = "$(inherited) @executable_path/Frameworks @loader_path/Frameworks";
				PRODUCT_BUNDLE_IDENTIFIER = "Pete-Chambers.Virtual-TouristUITests";
				PRODUCT_NAME = "$(TARGET_NAME)";
				SWIFT_VERSION = 4.0;
				TARGETED_DEVICE_FAMILY = "1,2";
				TEST_TARGET_NAME = "Virtual Tourist";
			};
			name = Release;
		};
/* End XCBuildConfiguration section */

/* Begin XCConfigurationList section */
		436630FB2080F0F5008B8AB3 /* Build configuration list for PBXProject "Virtual Tourist" */ = {
			isa = XCConfigurationList;
			buildConfigurations = (
				436631262080F0F5008B8AB3 /* Debug */,
				436631272080F0F5008B8AB3 /* Release */,
			);
			defaultConfigurationIsVisible = 0;
			defaultConfigurationName = Release;
		};
		436631282080F0F5008B8AB3 /* Build configuration list for PBXNativeTarget "Virtual Tourist" */ = {
			isa = XCConfigurationList;
			buildConfigurations = (
				436631292080F0F5008B8AB3 /* Debug */,
				4366312A2080F0F5008B8AB3 /* Release */,
			);
			defaultConfigurationIsVisible = 0;
			defaultConfigurationName = Release;
		};
		4366312B2080F0F5008B8AB3 /* Build configuration list for PBXNativeTarget "Virtual TouristTests" */ = {
			isa = XCConfigurationList;
			buildConfigurations = (
				4366312C2080F0F5008B8AB3 /* Debug */,
				4366312D2080F0F5008B8AB3 /* Release */,
			);
			defaultConfigurationIsVisible = 0;
			defaultConfigurationName = Release;
		};
		4366312E2080F0F5008B8AB3 /* Build configuration list for PBXNativeTarget "Virtual TouristUITests" */ = {
			isa = XCConfigurationList;
			buildConfigurations = (
				4366312F2080F0F5008B8AB3 /* Debug */,
				436631302080F0F5008B8AB3 /* Release */,
			);
			defaultConfigurationIsVisible = 0;
			defaultConfigurationName = Release;
		};
/* End XCConfigurationList section */

/* Begin XCVersionGroup section */
		43ADA32A2085039400A5AEDB /* Virtual Tourist.xcdatamodeld */ = {
			isa = XCVersionGroup;
			children = (
				43ADA32B2085039400A5AEDB /* Virtual Tourist.xcdatamodel */,
			);
			currentVersion = 43ADA32B2085039400A5AEDB /* Virtual Tourist.xcdatamodel */;
			path = "Virtual Tourist.xcdatamodeld";
			sourceTree = "<group>";
			versionGroupType = wrapper.xcdatamodel;
		};
/* End XCVersionGroup section */
	};
	rootObject = 436630F82080F0F5008B8AB3 /* Project object */;
}
